
Microsoft Visual Studio Solution File, Format Version 12.00
# Visual Studio Version 17
VisualStudioVersion = 17.9.34622.214
MinimumVisualStudioVersion = 10.0.40219.1
Project("{FAE04EC0-301F-11D3-BF4B-00C04F79EFBC}") = "SendEmail.Function", "SendEmail.Function\SendEmail.Function.csproj", "{E9DC2EEF-9BD2-49C5-A33F-336BCF353071}"
EndProject
Global
	GlobalSection(SolutionConfigurationPlatforms) = preSolution
		Debug|Any CPU = Debug|Any CPU
		Release|Any CPU = Release|Any CPU
	EndGlobalSection
	GlobalSection(ProjectConfigurationPlatforms) = postSolution
		{E9DC2EEF-9BD2-49C5-A33F-336BCF353071}.Debug|Any CPU.ActiveCfg = Debug|Any CPU
		{E9DC2EEF-9BD2-49C5-A33F-336BCF353071}.Debug|Any CPU.Build.0 = Debug|Any CPU
		{E9DC2EEF-9BD2-49C5-A33F-336BCF353071}.Release|Any CPU.ActiveCfg = Release|Any CPU
		{E9DC2EEF-9BD2-49C5-A33F-336BCF353071}.Release|Any CPU.Build.0 = Release|Any CPU
	EndGlobalSection
	GlobalSection(SolutionProperties) = preSolution
		HideSolutionNode = FALSE
	EndGlobalSection
	GlobalSection(ExtensibilityGlobals) = postSolution
		SolutionGuid = {EBEAEB4D-6622-4A34-8D56-7DE038AF63C3}
	EndGlobalSection
EndGlobal
